
Microsoft Visual Studio Solution File, Format Version 12.00
# Visual Studio Version 17
VisualStudioVersion = 17.14.36429.23
MinimumVisualStudioVersion = 10.0.40219.1
Project("{2150E333-8FDC-42A3-9474-1A3956D46DE8}") = "css", "css", "{02EA681E-C7D8-13C7-8484-4AC65E1B71E8}"
	ProjectSection(SolutionItems) = preProject
		css\menu.css = css\menu.css
		css\responsive.css = css\responsive.css
		css\slideshow.css = css\slideshow.css
	EndProjectSection
EndProject
Project("{2150E333-8FDC-42A3-9474-1A3956D46DE8}") = "Samples", "Samples", "{00C1AC56-CC7F-413D-9424-81D7AECCF641}"
EndProject
Project("{2150E333-8FDC-42A3-9474-1A3956D46DE8}") = "ResponsiveDesign", "ResponsiveDesign", "{3FB5CDB6-0261-4CC7-A0DF-BCA59FCDBAD0}"
	ProjectSection(SolutionItems) = preProject
		Samples\ResponsiveDesign\index.html = Samples\ResponsiveDesign\index.html
	EndProjectSection
EndProject
Project("{2150E333-8FDC-42A3-9474-1A3956D46DE8}") = "css", "css", "{6E893E3E-FE59-40C3-A75B-4AB0D77521A3}"
	ProjectSection(SolutionItems) = preProject
		Samples\ResponsiveDesign\css\main.css = Samples\ResponsiveDesign\css\main.css
		Samples\ResponsiveDesign\css\site.css = Samples\ResponsiveDesign\css\site.css
	EndProjectSection
EndProject
Project("{2150E333-8FDC-42A3-9474-1A3956D46DE8}") = "js", "js", "{43A0D09F-AE94-46D2-918A-5FDB8540F6BF}"
	ProjectSection(SolutionItems) = preProject
		js\elem_queries.js = js\elem_queries.js
		js\menu.js = js\menu.js
		js\slideshow.js = js\slideshow.js
	EndProjectSection
EndProject
Project("{2150E333-8FDC-42A3-9474-1A3956D46DE8}") = "Test", "Test", "{301206C8-37EC-4D7B-88F4-018C27344319}"
EndProject
Project("{2150E333-8FDC-42A3-9474-1A3956D46DE8}") = "Menu", "Menu", "{5495F8BA-2BE2-4476-BDCE-103E2143A803}"
	ProjectSection(SolutionItems) = preProject
		Test\Menu\index.html = Test\Menu\index.html
	EndProjectSection
EndProject
Project("{2150E333-8FDC-42A3-9474-1A3956D46DE8}") = "Images", "Images", "{CCFFBA33-BDBD-46C5-B669-D225B3145D0B}"
	ProjectSection(SolutionItems) = preProject
		Test\Images\index.html = Test\Images\index.html
	EndProjectSection
EndProject
Project("{2150E333-8FDC-42A3-9474-1A3956D46DE8}") = "images", "images", "{1DE7E699-96C8-4EF5-B1ED-7707742E3D4E}"
	ProjectSection(SolutionItems) = preProject
		images\img1.jpg = images\img1.jpg
		images\img2.jpg = images\img2.jpg
		images\img3.jpg = images\img3.jpg
		images\img4.jpg = images\img4.jpg
	EndProjectSection
EndProject
Global
	GlobalSection(SolutionProperties) = preSolution
		HideSolutionNode = FALSE
	EndGlobalSection
	GlobalSection(NestedProjects) = preSolution
		{3FB5CDB6-0261-4CC7-A0DF-BCA59FCDBAD0} = {00C1AC56-CC7F-413D-9424-81D7AECCF641}
		{6E893E3E-FE59-40C3-A75B-4AB0D77521A3} = {3FB5CDB6-0261-4CC7-A0DF-BCA59FCDBAD0}
		{5495F8BA-2BE2-4476-BDCE-103E2143A803} = {301206C8-37EC-4D7B-88F4-018C27344319}
		{CCFFBA33-BDBD-46C5-B669-D225B3145D0B} = {301206C8-37EC-4D7B-88F4-018C27344319}
	EndGlobalSection
	GlobalSection(ExtensibilityGlobals) = postSolution
		SolutionGuid = {9D602AFD-23C8-4F39-89D6-078F14B0C324}
	EndGlobalSection
EndGlobal
